{
  "name": "studio-flow",
  "version": "0.1.0",
  "lockfileVersion": 3,
  "requires": true,
  "packages": {
    "": {
      "name": "studio-flow",
      "version": "0.1.0",
      "dependencies": {
        "@supabase/ssr": "^0.5.2",
        "@supabase/supabase-js": "^2.45.4",
        "date-fns": "^3.6.0",
        "date-fns-tz": "^3.1.3",
        "googleapis": "^144.0.0",
        "next": "14.2.15",
        "react": "^18.3.1",
        "react-dom": "^18.3.1",
        "web-push": "3.6.7",
        "zod": "^3.23.8"
      },
      "devDependencies": {
        "@types/node": "^22.7.4",
        "@types/react": "^18.3.11",
        "@types/react-dom": "^18.3.0",
        "@types/web-push": "3.6.4",
        "autoprefixer": "^10.4.20",
        "eslint": "^8.57.1",
        "eslint-config-next": "14.2.15",
        "postcss": "^8.4.47",
        "tailwindcss": "^3.4.13",
        "typescript": "^5.6.2"
      }
    },
    "node_modules/@alloc/quick-lru": {
      "version": "5.2.0",
      "resolved": "https://registry.npmjs.org/@alloc/quick-lru/-/quick-lru-5.2.0.tgz",
      "integrity": "sha512-UrcABB+4bUrFABwbluTIBErXwvbsU/V7TZWfmbgJfbkwiBuziS9gxdODUyuiecfdGQ85jglMW6juS3+z5TsKLw==",
      "dev": true,
      "license": "MIT",
      "engines": {
        "node": ">=10"
      },
      "funding": {
        "url": "https://github.com/sponsors/sindresorhus"
      }
    },
    "node_modules/@emnapi/core": {
      "version": "1.10.0",
      "resolved": "https://registry.npmjs.org/@emnapi/core/-/core-1.10¶»§q«^